# This file was autogenerated by Stack.
# You should not edit this file by hand.
# For more information, please see the documentation at:
#   https://docs.haskellstack.org/en/stable/lock_files

packages:
- completed:
    hackage: geodetics-0.0.4@sha256:eaa086e2ba32f3e17e156134dedd060c24fbfd04103a82d6b977cd9c5322ee90,2443
    pantry-tree:
      size: 1034
      sha256: dfe91987ad11bf0791194407f5fdba6d0863ea43ba9ced1974b581eae49cee67
  original:
    hackage: geodetics-0.0.4
snapshots:
- completed:
    size: 516002
    url: https://raw.githubusercontent.com/commercialhaskell/stackage-snapshots/master/lts/8/20.yaml
    sha256: 1642eb5c88dfc1d5b66ac26881501d3a9df56d8acb68ab99b7590c3673f4b8bf
  original: lts-8.20
